<?xml version="1.0" encoding="utf-8"?>
<Project ToolsVersion="4.0" xmlns="http://schemas.microsoft.com/developer/msbuild/2003">
  <ItemGroup>
    <Filter Include="源文件">
      <UniqueIdentifier>{4FC737F1-C7A5-4376-A066-2A32D752A2FF}</UniqueIdentifier>
      <Extensions>cpp;c;cc;cxx;def;odl;idl;hpj;bat;asm;asmx</Extensions>
    </Filter>
    <Filter Include="头文件">
      <UniqueIdentifier>{93995380-89BD-4b04-88EB-625FBE52EBFB}</UniqueIdentifier>
      <Extensions>h;hpp;hxx;hm;inl;inc;xsd</Extensions>
    </Filter>
    <Filter Include="资源文件">
      <UniqueIdentifier>{67DA6AB6-F800-4c08-8B7A-83BB121AAD01}</UniqueIdentifier>
      <Extensions>rc;ico;cur;bmp;dlg;rc2;rct;bin;rgs;gif;jpg;jpeg;jpe;resx;tiff;tif;png;wav;mfcribbon-ms</Extensions>
    </Filter>
  </ItemGroup>
  <ItemGroup>
    <ClInclude Include="AttributeVisitor.h">
      <Filter>头文件</Filter>
    </ClInclude>
    <ClInclude Include="fglove.h">
      <Filter>头文件</Filter>
    </ClInclude>
    <ClInclude Include="findNodeVisitor.h">
      <Filter>头文件</Filter>
    </ClInclude>
    <ClInclude Include="InfoVisitor.h">
      <Filter>头文件</Filter>
    </ClInclude>
    <ClInclude Include="Part.h">
      <Filter>头文件</Filter>
    </ClInclude>
    <ClInclude Include="ReadAsmTxt.h">
      <Filter>头文件</Filter>
    </ClInclude>
    <ClInclude Include="SerialPort.h">
      <Filter>头文件</Filter>
    </ClInclude>
    <ClInclude Include="userAddInfoStruct.h">
      <Filter>头文件</Filter>
    </ClInclude>
    <ClInclude Include="VIECoreApp.h">
      <Filter>头文件</Filter>
    </ClInclude>
    <ClInclude Include="GUI\ui_addingDialog.h">
      <Filter>头文件</Filter>
    </ClInclude>
    <ClInclude Include="GUI\ui_SettingsDialog.h">
      <Filter>头文件</Filter>
    </ClInclude>
    <ClInclude Include="IControlCharStrategy.h">
      <Filter>头文件</Filter>
    </ClInclude>
    <ClInclude Include="IExternDataStrategy.h">
      <Filter>头文件</Filter>
    </ClInclude>
    <ClInclude Include="Finger.h">
      <Filter>头文件</Filter>
    </ClInclude>
    <ClInclude Include="Hand_SJT_6.h">
      <Filter>头文件</Filter>
    </ClInclude>
    <ClInclude Include="IHand.h">
      <Filter>头文件</Filter>
    </ClInclude>
    <ClInclude Include="InfoStruct.h">
      <Filter>头文件</Filter>
    </ClInclude>
    <ClInclude Include="Hand_SJT_3.h">
      <Filter>头文件</Filter>
    </ClInclude>
    <ClInclude Include="Hand_Barrett.h">
      <Filter>头文件</Filter>
    </ClInclude>
    <ClInclude Include="GUI\ui_VIE_MainWin.h">
      <Filter>头文件</Filter>
    </ClInclude>
    <ClInclude Include="Hand_Human.h">
      <Filter>头文件</Filter>
    </ClInclude>
    <ClInclude Include="HandFactory.h">
      <Filter>头文件</Filter>
    </ClInclude>
    <ClInclude Include="GUI\ui_AddObjDlg.h">
      <Filter>头文件</Filter>
    </ClInclude>
    <ClInclude Include="Hand_Custom.h">
      <Filter>头文件</Filter>
    </ClInclude>
    <ClInclude Include="GUI\ui_HandConfigFileDlg.h">
      <Filter>头文件</Filter>
    </ClInclude>
    <ClInclude Include="CCS_EMGClassifierStr.h">
      <Filter>头文件</Filter>
    </ClInclude>
    <ClInclude Include="CCS_Keyboard.h">
      <Filter>头文件</Filter>
    </ClInclude>
    <ClInclude Include="EDS_DataGlove.h">
      <Filter>头文件</Filter>
    </ClInclude>
    <ClInclude Include="StrategyPrototype.h">
      <Filter>头文件</Filter>
    </ClInclude>
    <ClInclude Include="BarrettGrasp.h">
      <Filter>头文件</Filter>
    </ClInclude>
    <ClInclude Include="EDS_MatlabBarrett.h">
      <Filter>头文件</Filter>
    </ClInclude>
    <ClInclude Include="EDS_2x3PlaneFingers.h">
      <Filter>头文件</Filter>
    </ClInclude>
    <ClInclude Include="EDS_MatlabYangFan.h">
      <Filter>头文件</Filter>
    </ClInclude>
    <ClInclude Include="JAGenerater.h">
      <Filter>头文件</Filter>
    </ClInclude>
  </ItemGroup>
  <ItemGroup>
    <ClCompile Include="AddDialog.cpp">
      <Filter>源文件</Filter>
    </ClCompile>
    <ClCompile Include="AttributeVisitor.cpp">
      <Filter>源文件</Filter>
    </ClCompile>
    <ClCompile Include="findNodeVisitor.cpp">
      <Filter>源文件</Filter>
    </ClCompile>
    <ClCompile Include="InfoVisitor.cpp">
      <Filter>源文件</Filter>
    </ClCompile>
    <ClCompile Include="main.cpp">
      <Filter>源文件</Filter>
    </ClCompile>
    <ClCompile Include="moc_AddDialog.cpp">
      <Filter>源文件</Filter>
    </ClCompile>
    <ClCompile Include="moc_MyQtWindow.cpp">
      <Filter>源文件</Filter>
    </ClCompile>
    <ClCompile Include="moc_SettingsDlg.cpp">
      <Filter>源文件</Filter>
    </ClCompile>
    <ClCompile Include="MyQtWindow.cpp">
      <Filter>源文件</Filter>
    </ClCompile>
    <ClCompile Include="Part.cpp">
      <Filter>源文件</Filter>
    </ClCompile>
    <ClCompile Include="ReadAsmTxt.cpp">
      <Filter>源文件</Filter>
    </ClCompile>
    <ClCompile Include="SerialPort.cpp">
      <Filter>源文件</Filter>
    </ClCompile>
    <ClCompile Include="SettingsDlg.cpp">
      <Filter>源文件</Filter>
    </ClCompile>
    <ClCompile Include="VIECoreApp.cpp">
      <Filter>源文件</Filter>
    </ClCompile>
    <ClCompile Include="Finger.cpp">
      <Filter>源文件</Filter>
    </ClCompile>
    <ClCompile Include="IHand.cpp">
      <Filter>源文件</Filter>
    </ClCompile>
    <ClCompile Include="Hand_SJT_6.cpp">
      <Filter>源文件</Filter>
    </ClCompile>
    <ClCompile Include="IControlCharStrategy.cpp">
      <Filter>源文件</Filter>
    </ClCompile>
    <ClCompile Include="Hand_SJT_3.cpp">
      <Filter>源文件</Filter>
    </ClCompile>
    <ClCompile Include="Hand_Barrett.cpp">
      <Filter>源文件</Filter>
    </ClCompile>
    <ClCompile Include="Hand_Human.cpp">
      <Filter>源文件</Filter>
    </ClCompile>
    <ClCompile Include="AddObjDlg.cpp">
      <Filter>源文件</Filter>
    </ClCompile>
    <ClCompile Include="moc_AddObjDlg.cpp">
      <Filter>源文件</Filter>
    </ClCompile>
    <ClCompile Include="Hand_Custom.cpp">
      <Filter>源文件</Filter>
    </ClCompile>
    <ClCompile Include="HandConfigFileDlg.cpp">
      <Filter>源文件</Filter>
    </ClCompile>
    <ClCompile Include="moc_HandConfigFileDlg.cpp">
      <Filter>源文件</Filter>
    </ClCompile>
    <ClCompile Include="CCS_EMGClassifierStr.cpp">
      <Filter>源文件</Filter>
    </ClCompile>
    <ClCompile Include="CCS_Keyboard.cpp">
      <Filter>源文件</Filter>
    </ClCompile>
    <ClCompile Include="IExternDataStrategy.cpp">
      <Filter>源文件</Filter>
    </ClCompile>
    <ClCompile Include="EDS_DataGlove.cpp">
      <Filter>源文件</Filter>
    </ClCompile>
    <ClCompile Include="EDS_MatlabBarrett.cpp">
      <Filter>源文件</Filter>
    </ClCompile>
    <ClCompile Include="EDS_2x3PlaneFingers.cpp">
      <Filter>源文件</Filter>
    </ClCompile>
    <ClCompile Include="EDS_MatlabYangFan.cpp">
      <Filter>源文件</Filter>
    </ClCompile>
  </ItemGroup>
  <ItemGroup>
    <CustomBuild Include="AddDialog.h">
      <Filter>头文件</Filter>
    </CustomBuild>
    <CustomBuild Include="MyQtWindow.h">
      <Filter>头文件</Filter>
    </CustomBuild>
    <CustomBuild Include="SettingsDlg.h">
      <Filter>头文件</Filter>
    </CustomBuild>
    <CustomBuild Include="AddObjDlg.h">
      <Filter>头文件</Filter>
    </CustomBuild>
    <CustomBuild Include="HandConfigFileDlg.h">
      <Filter>头文件</Filter>
    </CustomBuild>
  </ItemGroup>
</Project>